PODS:
  - HLTStoreKit (0.8.0)
  - Kiwi (3.0.0)

DEPENDENCIES:
  - HLTStoreKit (from `../`)
  - Kiwi

SPEC REPOS:
  https://github.com/CocoaPods/Specs.git:
    - Kiwi

EXTERNAL SOURCES:
  HLTStoreKit:
    :path: "../"

SPEC CHECKSUMS:
  HLTStoreKit: 2a7e002837de94c51ad9b08cbcab1698f8104f93
  Kiwi: fbeafef0f00e4d8f7dcb3420a4930afe70af77f7

PODFILE CHECKSUM: 876a307d5b33b901d211a72b70813d4b12c267cb

COCOAPODS: 1.9.1
