PODS:
  - HLTStoreKit (0.9.0)
  - Kiwi (3.0.0)

DEPENDENCIES:
  - HLTStoreKit (from `../`)
  - Kiwi

SPEC REPOS:
  https://github.com/CocoaPods/Specs.git:
    - Kiwi

EXTERNAL SOURCES:
  HLTStoreKit:
    :path: "../"

SPEC CHECKSUMS:
  HLTStoreKit: b814b72115f8d3831bf8b42c57d62f477432510d
  Kiwi: fbeafef0f00e4d8f7dcb3420a4930afe70af77f7

PODFILE CHECKSUM: 0d4bd1bfd3942f188b8c705e702ed6b967b21e9d

COCOAPODS: 1.9.1
